<Solution>
  <SolutionName>ClientBlazor</SolutionName>
  <SolutionItems>
    <SolutionItem Path="ClientBlazor.Cliente/ClientBlazor.Cliente.csproj" />
    <SolutionItem Path="ClientBlazor.Tests/ClientBlazor.Tests.csproj" />
    <SolutionItem Path="ClientBlazor.E2E/ClientBlazor.E2E.csproj" />
  </SolutionItems>
</Solution>
